# This file was autogenerated by Stack.
# You should not edit this file by hand.
# For more information, please see the documentation at:
#   https://docs.haskellstack.org/en/stable/lock_files

packages:
- completed:
    hackage: witch-0.3.4.0@sha256:f36942cbf91794f57d7a9060e30c7cf3ac383d6d8f77b93190a215b72f0c5a6c,1786
    pantry-tree:
      size: 869
      sha256: a0f072d3a475df0773783835745007e08147575276c67741f9d4eeca6daf51d7
  original:
    hackage: witch-0.3.4.0
snapshots:
- completed:
    size: 585392
    url: https://raw.githubusercontent.com/commercialhaskell/stackage-snapshots/master/lts/18/2.yaml
    sha256: 7abb45c0cc5eb349448b66d8753655542d45d387ad26970419282eab3d860724
  original:
    url: https://raw.githubusercontent.com/commercialhaskell/stackage-snapshots/master/lts/18/2.yaml
